<?xml version="1.0" encoding="utf-8"?>
<Project ToolsVersion="4.0" xmlns="http://schemas.microsoft.com/developer/msbuild/2003">
  <ItemGroup>
    <Filter Include="Source Files">
      <UniqueIdentifier>{4FC737F1-C7A5-4376-A066-2A32D752A2FF}</UniqueIdentifier>
      <Extensions>cpp;c;cc;cxx;def;odl;idl;hpj;bat;asm;asmx</Extensions>
    </Filter>
    <Filter Include="Header Files">
      <UniqueIdentifier>{93995380-89BD-4b04-88EB-625FBE52EBFB}</UniqueIdentifier>
      <Extensions>h;hpp;hxx;hm;inl;inc;xsd</Extensions>
    </Filter>
    <Filter Include="Resource Files">
      <UniqueIdentifier>{67DA6AB6-F800-4c08-8B7A-83BB121AAD01}</UniqueIdentifier>
      <Extensions>rc;ico;cur;bmp;dlg;rc2;rct;bin;rgs;gif;jpg;jpeg;jpe;resx;tiff;tif;png;wav;mfcribbon-ms</Extensions>
    </Filter>
  </ItemGroup>
  <ItemGroup>
    <ClInclude Include="include\VO_AAMBasic.h">
      <Filter>Header Files</Filter>
    </ClInclude>
    <ClInclude Include="include\VO_AAMForwardIA.h">
      <Filter>Header Files</Filter>
    </ClInclude>
    <ClInclude Include="include\VO_AAMInverseIA.h">
      <Filter>Header Files</Filter>
    </ClInclude>
    <ClInclude Include="include\VO_AFM.h">
      <Filter>Header Files</Filter>
    </ClInclude>
    <ClInclude Include="include\VO_ASMLTCs.h">
      <Filter>Header Files</Filter>
    </ClInclude>
    <ClInclude Include="include\VO_ASMNDProfiles.h">
      <Filter>Header Files</Filter>
    </ClInclude>
    <ClInclude Include="include\VO_AXM.h">
      <Filter>Header Files</Filter>
    </ClInclude>
    <ClInclude Include="include\VO_Edge.h">
      <Filter>Header Files</Filter>
    </ClInclude>
    <ClInclude Include="include\VO_Ellipse.h">
      <Filter>Header Files</Filter>
    </ClInclude>
    <ClInclude Include="include\VO_FacePart.h">
      <Filter>Header Files</Filter>
    </ClInclude>
    <ClInclude Include="include\VO_FaceParts.h">
      <Filter>Header Files</Filter>
    </ClInclude>
    <ClInclude Include="include\VO_FeatureModel.h">
      <Filter>Header Files</Filter>
    </ClInclude>
    <ClInclude Include="include\VO_Point2DDistributionModel.h">
      <Filter>Header Files</Filter>
    </ClInclude>
    <ClInclude Include="include\VO_Profile.h">
      <Filter>Header Files</Filter>
    </ClInclude>
    <ClInclude Include="include\VO_Profiles.h">
      <Filter>Header Files</Filter>
    </ClInclude>
    <ClInclude Include="include\VO_Shape.h">
      <Filter>Header Files</Filter>
    </ClInclude>
    <ClInclude Include="include\VO_Shape2DInfo.h">
      <Filter>Header Files</Filter>
    </ClInclude>
    <ClInclude Include="include\VO_ShapeFace.h">
      <Filter>Header Files</Filter>
    </ClInclude>
    <ClInclude Include="include\VO_ShapeModel.h">
      <Filter>Header Files</Filter>
    </ClInclude>
    <ClInclude Include="include\VO_Texture.h">
      <Filter>Header Files</Filter>
    </ClInclude>
    <ClInclude Include="include\VO_TextureModel.h">
      <Filter>Header Files</Filter>
    </ClInclude>
    <ClInclude Include="include\VO_Triangle2D.h">
      <Filter>Header Files</Filter>
    </ClInclude>
    <ClInclude Include="include\VO_Triangle2DStructure.h">
      <Filter>Header Files</Filter>
    </ClInclude>
    <ClInclude Include="include\VO_WarpingPoint.h">
      <Filter>Header Files</Filter>
    </ClInclude>
  </ItemGroup>
  <ItemGroup>
    <ClCompile Include="src\VO_AAMBasic.cpp">
      <Filter>Source Files</Filter>
    </ClCompile>
    <ClCompile Include="src\VO_AAMForwardIA.cpp">
      <Filter>Source Files</Filter>
    </ClCompile>
    <ClCompile Include="src\VO_AAMInverseIA.cpp">
      <Filter>Source Files</Filter>
    </ClCompile>
    <ClCompile Include="src\VO_AFM.cpp">
      <Filter>Source Files</Filter>
    </ClCompile>
    <ClCompile Include="src\VO_ASMLTCs.cpp">
      <Filter>Source Files</Filter>
    </ClCompile>
    <ClCompile Include="src\VO_ASMNDProfiles.cpp">
      <Filter>Source Files</Filter>
    </ClCompile>
    <ClCompile Include="src\VO_AXM.cpp">
      <Filter>Source Files</Filter>
    </ClCompile>
    <ClCompile Include="src\VO_Edge.cpp">
      <Filter>Source Files</Filter>
    </ClCompile>
    <ClCompile Include="src\VO_Ellipse.cpp">
      <Filter>Source Files</Filter>
    </ClCompile>
    <ClCompile Include="src\VO_FacePart.cpp">
      <Filter>Source Files</Filter>
    </ClCompile>
    <ClCompile Include="src\VO_FaceParts.cpp">
      <Filter>Source Files</Filter>
    </ClCompile>
    <ClCompile Include="src\VO_FeatureModel.cpp">
      <Filter>Source Files</Filter>
    </ClCompile>
    <ClCompile Include="src\VO_Point2DDistributionModel.cpp">
      <Filter>Source Files</Filter>
    </ClCompile>
    <ClCompile Include="src\VO_Profile.cpp">
      <Filter>Source Files</Filter>
    </ClCompile>
    <ClCompile Include="src\VO_Shape.cpp">
      <Filter>Source Files</Filter>
    </ClCompile>
    <ClCompile Include="src\VO_Shape2DInfo.cpp">
      <Filter>Source Files</Filter>
    </ClCompile>
    <ClCompile Include="src\VO_ShapeFace.cpp">
      <Filter>Source Files</Filter>
    </ClCompile>
    <ClCompile Include="src\VO_ShapeModel.cpp">
      <Filter>Source Files</Filter>
    </ClCompile>
    <ClCompile Include="src\VO_Texture.cpp">
      <Filter>Source Files</Filter>
    </ClCompile>
    <ClCompile Include="src\VO_TextureModel.cpp">
      <Filter>Source Files</Filter>
    </ClCompile>
    <ClCompile Include="src\VO_Triangle2DStructure.cpp">
      <Filter>Source Files</Filter>
    </ClCompile>
    <ClCompile Include="src\VO_WarpingPoint.cpp">
      <Filter>Source Files</Filter>
    </ClCompile>
  </ItemGroup>
</Project>