// !$*UTF8*$!
{
	archiveVersion = 1;
	classes = {
	};
	objectVersion = 46;
	objects = {

/* Begin PBXBuildFile section */
		65BD60BC195C734700EBF3BB /* Foundation.framework in Frameworks */ = {isa = PBXBuildFile; fileRef = 65BD60BB195C734700EBF3BB /* Foundation.framework */; };
		65BD60BE195C734700EBF3BB /* CoreGraphics.framework in Frameworks */ = {isa = PBXBuildFile; fileRef = 65BD60BD195C734700EBF3BB /* CoreGraphics.framework */; };
		65BD60C0195C734700EBF3BB /* UIKit.framework in Frameworks */ = {isa = PBXBuildFile; fileRef = 65BD60BF195C734700EBF3BB /* UIKit.framework */; };
		65BD60C6195C734700EBF3BB /* InfoPlist.strings in Resources */ = {isa = PBXBuildFile; fileRef = 65BD60C4195C734700EBF3BB /* InfoPlist.strings */; };
		65BD60C8195C734700EBF3BB /* main.m in Sources */ = {isa = PBXBuildFile; fileRef = 65BD60C7195C734700EBF3BB /* main.m */; };
		65BD60CC195C734700EBF3BB /* FOAAppDelegate.m in Sources */ = {isa = PBXBuildFile; fileRef = 65BD60CB195C734700EBF3BB /* FOAAppDelegate.m */; };
		65BD60CF195C734700EBF3BB /* Main_iPhone.storyboard in Resources */ = {isa = PBXBuildFile; fileRef = 65BD60CD195C734700EBF3BB /* Main_iPhone.storyboard */; };
		65BD60D2195C734700EBF3BB /* Main_iPad.storyboard in Resources */ = {isa = PBXBuildFile; fileRef = 65BD60D0195C734700EBF3BB /* Main_iPad.storyboard */; };
		65BD60D5195C734700EBF3BB /* FOAViewController.m in Sources */ = {isa = PBXBuildFile; fileRef = 65BD60D4195C734700EBF3BB /* FOAViewController.m */; };
		65BD60D7195C734700EBF3BB /* Images.xcassets in Resources */ = {isa = PBXBuildFile; fileRef = 65BD60D6195C734700EBF3BB /* Images.xcassets */; };
		65BD60DE195C734800EBF3BB /* XCTest.framework in Frameworks */ = {isa = PBXBuildFile; fileRef = 65BD60DD195C734800EBF3BB /* XCTest.framework */; };
		65BD60DF195C734800EBF3BB /* Foundation.framework in Frameworks */ = {isa = PBXBuildFile; fileRef = 65BD60BB195C734700EBF3BB /* Foundation.framework */; };
		65BD60E0195C734800EBF3BB /* UIKit.framework in Frameworks */ = {isa = PBXBuildFile; fileRef = 65BD60BF195C734700EBF3BB /* UIKit.framework */; };
		65BD60E8195C734800EBF3BB /* InfoPlist.strings in Resources */ = {isa = PBXBuildFile; fileRef = 65BD60E6195C734800EBF3BB /* InfoPlist.strings */; };
		65BD60EA195C734800EBF3BB /* fuzzy_octo_archerTests.m in Sources */ = {isa = PBXBuildFile; fileRef = 65BD60E9195C734800EBF3BB /* fuzzy_octo_archerTests.m */; };
		65BD611A195C756C00EBF3BB /* FOANavigationBar.m in Sources */ = {isa = PBXBuildFile; fileRef = 65BD6119195C756C00EBF3BB /* FOANavigationBar.m */; };
/* End PBXBuildFile section */

/* Begin PBXContainerItemProxy section */
		65BD60E1195C734800EBF3BB /* PBXContainerItemProxy */ = {
			isa = PBXContainerItemProxy;
			containerPortal = 65BD60B0195C734700EBF3BB /* Project object */;
			proxyType = 1;
			remoteGlobalIDString = 65BD60B7195C734700EBF3BB;
			remoteInfo = "fuzzy-octo-archer";
		};
/* End PBXContainerItemProxy section */

/* Begin PBXFileReference section */
		65BD60B8195C734700EBF3BB /* fuzzy-octo-archer.app */ = {isa = PBXFileReference; explicitFileType = wrapper.application; includeInIndex = 0; path = "fuzzy-octo-archer.app"; sourceTree = BUILT_PRODUCTS_DIR; };
		65BD60BB195C734700EBF3BB /* Foundation.framework */ = {isa = PBXFileReference; lastKnownFileType = wrapper.framework; name = Foundation.framework; path = System/Library/Frameworks/Foundation.framework; sourceTree = SDKROOT; };
		65BD60BD195C734700EBF3BB /* CoreGraphics.framework */ = {isa = PBXFileReference; lastKnownFileType = wrapper.framework; name = CoreGraphics.framework; path = System/Library/Frameworks/CoreGraphics.framework; sourceTree = SDKROOT; };
		65BD60BF195C734700EBF3BB /* UIKit.framework */ = {isa = PBXFileReference; lastKnownFileType = wrapper.framework; name = UIKit.framework; path = System/Library/Frameworks/UIKit.framework; sourceTree = SDKROOT; };
		65BD60C3195C734700EBF3BB /* fuzzy-octo-archer-Info.plist */ = {isa = PBXFileReference; lastKnownFileType = text.plist.xml; path = "fuzzy-octo-archer-Info.plist"; sourceTree = "<group>"; };
		65BD60C5195C734700EBF3BB /* en */ = {isa = PBXFileReference; lastKnownFileType = text.plist.strings; name = en; path = en.lproj/InfoPlist.strings; sourceTree = "<group>"; };
		65BD60C7195C734700EBF3BB /* main.m */ = {isa = PBXFileReference; lastKnownFileType = sourcecode.c.objc; path = main.m; sourceTree = "<group>"; };
		65BD60C9195C734700EBF3BB /* fuzzy-octo-archer-Prefix.pch */ = {isa = PBXFileReference; lastKnownFileType = sourcecode.c.h; path = "fuzzy-octo-archer-Prefix.pch"; sourceTree = "<group>"; };
		65BD60CA195C734700EBF3BB /* FOAAppDelegate.h */ = {isa = PBXFileReference; lastKnownFileType = sourcecode.c.h; path = FOAAppDelegate.h; sourceTree = "<group>"; };
		65BD60CB195C734700EBF3BB /* FOAAppDelegate.m */ = {isa = PBXFileReference; lastKnownFileType = sourcecode.c.objc; path = FOAAppDelegate.m; sourceTree = "<group>"; };
		65BD60CE195C734700EBF3BB /* Base */ = {isa = PBXFileReference; lastKnownFileType = file.storyboard; name = Base; path = Base.lproj/Main_iPhone.storyboard; sourceTree = "<group>"; };
		65BD60D1195C734700EBF3BB /* Base */ = {isa = PBXFileReference; lastKnownFileType = file.storyboard; name = Base; path = Base.lproj/Main_iPad.storyboard; sourceTree = "<group>"; };
		65BD60D3195C734700EBF3BB /* FOAViewController.h */ = {isa = PBXFileReference; lastKnownFileType = sourcecode.c.h; path = FOAViewController.h; sourceTree = "<group>"; };
		65BD60D4195C734700EBF3BB /* FOAViewController.m */ = {isa = PBXFileReference; lastKnownFileType = sourcecode.c.objc; path = FOAViewController.m; sourceTree = "<group>"; };
		65BD60D6195C734700EBF3BB /* Images.xcassets */ = {isa = PBXFileReference; lastKnownFileType = folder.assetcatalog; path = Images.xcassets; sourceTree = "<group>"; };
		65BD60DC195C734800EBF3BB /* fuzzy-octo-archerTests.xctest */ = {isa = PBXFileReference; explicitFileType = wrapper.cfbundle; includeInIndex = 0; path = "fuzzy-octo-archerTests.xctest"; sourceTree = BUILT_PRODUCTS_DIR; };
		65BD60DD195C734800EBF3BB /* XCTest.framework */ = {isa = PBXFileReference; lastKnownFileType = wrapper.framework; name = XCTest.framework; path = Library/Frameworks/XCTest.framework; sourceTree = DEVELOPER_DIR; };
		65BD60E5195C734800EBF3BB /* fuzzy-octo-archerTests-Info.plist */ = {isa = PBXFileReference; lastKnownFileType = text.plist.xml; path = "fuzzy-octo-archerTests-Info.plist"; sourceTree = "<group>"; };
		65BD60E7195C734800EBF3BB /* en */ = {isa = PBXFileReference; lastKnownFileType = text.plist.strings; name = en; path = en.lproj/InfoPlist.strings; sourceTree = "<group>"; };
		65BD60E9195C734800EBF3BB /* fuzzy_octo_archerTests.m */ = {isa = PBXFileReference; lastKnownFileType = sourcecode.c.objc; path = fuzzy_octo_archerTests.m; sourceTree = "<group>"; };
		65BD6118195C756C00EBF3BB /* FOANavigationBar.h */ = {isa = PBXFileReference; fileEncoding = 4; lastKnownFileType = sourcecode.c.h; path = FOANavigationBar.h; sourceTree = "<group>"; };
		65BD6119195C756C00EBF3BB /* FOANavigationBar.m */ = {isa = PBXFileReference; fileEncoding = 4; lastKnownFileType = sourcecode.c.objc; path = FOANavigationBar.m; sourceTree = "<group>"; };
/* End PBXFileReference section */

/* Begin PBXFrameworksBuildPhase section */
		65BD60B5195C734700EBF3BB /* Frameworks */ = {
			isa = PBXFrameworksBuildPhase;
			buildActionMask = 2147483647;
			files = (
				65BD60BE195C734700EBF3BB /* CoreGraphics.framework in Frameworks */,
				65BD60C0195C734700EBF3BB /* UIKit.framework in Frameworks */,
				65BD60BC195C734700EBF3BB /* Foundation.framework in Frameworks */,
			);
			runOnlyForDeploymentPostprocessing = 0;
		};
		65BD60D9195C734800EBF3BB /* Frameworks */ = {
			isa = PBXFrameworksBuildPhase;
			buildActionMask = 2147483647;
			files = (
				65BD60DE195C734800EBF3BB /* XCTest.framework in Frameworks */,
				65BD60E0195C734800EBF3BB /* UIKit.framework in Frameworks */,
				65BD60DF195C734800EBF3BB /* Foundation.framework in Frameworks */,
			);
			runOnlyForDeploymentPostprocessing = 0;
		};
/* End PBXFrameworksBuildPhase section */

/* Begin PBXGroup section */
		65BD60AF195C734700EBF3BB = {
			isa = PBXGroup;
			children = (
				65BD60C1195C734700EBF3BB /* fuzzy-octo-archer */,
				65BD60E3195C734800EBF3BB /* fuzzy-octo-archerTests */,
				65BD60BA195C734700EBF3BB /* Frameworks */,
				65BD60B9195C734700EBF3BB /* Products */,
			);
			sourceTree = "<group>";
		};
		65BD60B9195C734700EBF3BB /* Products */ = {
			isa = PBXGroup;
			children = (
				65BD60B8195C734700EBF3BB /* fuzzy-octo-archer.app */,
				65BD60DC195C734800EBF3BB /* fuzzy-octo-archerTests.xctest */,
			);
			name = Products;
			sourceTree = "<group>";
		};
		65BD60BA195C734700EBF3BB /* Frameworks */ = {
			isa = PBXGroup;
			children = (
				65BD60BB195C734700EBF3BB /* Foundation.framework */,
				65BD60BD195C734700EBF3BB /* CoreGraphics.framework */,
				65BD60BF195C734700EBF3BB /* UIKit.framework */,
				65BD60DD195C734800EBF3BB /* XCTest.framework */,
			);
			name = Frameworks;
			sourceTree = "<group>";
		};
		65BD60C1195C734700EBF3BB /* fuzzy-octo-archer */ = {
			isa = PBXGroup;
			children = (
				65BD60CA195C734700EBF3BB /* FOAAppDelegate.h */,
				65BD60CB195C734700EBF3BB /* FOAAppDelegate.m */,
				65BD60CD195C734700EBF3BB /* Main_iPhone.storyboard */,
				65BD60D0195C734700EBF3BB /* Main_iPad.storyboard */,
				65BD60D3195C734700EBF3BB /* FOAViewController.h */,
				65BD60D4195C734700EBF3BB /* FOAViewController.m */,
				65BD6118195C756C00EBF3BB /* FOANavigationBar.h */,
				65BD6119195C756C00EBF3BB /* FOANavigationBar.m */,
				65BD60D6195C734700EBF3BB /* Images.xcassets */,
				65BD60C2195C734700EBF3BB /* Supporting Files */,
			);
			path = "fuzzy-octo-archer";
			sourceTree = "<group>";
		};
		65BD60C2195C734700EBF3BB /* Supporting Files */ = {
			isa = PBXGroup;
			children = (
				65BD60C3195C734700EBF3BB /* fuzzy-octo-archer-Info.plist */,
				65BD60C4195C734700EBF3BB /* InfoPlist.strings */,
				65BD60C7195C734700EBF3BB /* main.m */,
				65BD60C9195C734700EBF3BB /* fuzzy-octo-archer-Prefix.pch */,
			);
			name = "Supporting Files";
			sourceTree = "<group>";
		};
		65BD60E3195C734800EBF3BB /* fuzzy-octo-archerTests */ = {
			isa = PBXGroup;
			children = (
				65BD60E9195C734800EBF3BB /* fuzzy_octo_archerTests.m */,
				65BD60E4195C734800EBF3BB /* Supporting Files */,
			);
			path = "fuzzy-octo-archerTests";
			sourceTree = "<group>";
		};
		65BD60E4195C734800EBF3BB /* Supporting Files */ = {
			isa = PBXGroup;
			children = (
				65BD60E5195C734800EBF3BB /* fuzzy-octo-archerTests-Info.plist */,
				65BD60E6195C734800EBF3BB /* InfoPlist.strings */,
			);
			name = "Supporting Files";
			sourceTree = "<group>";
		};
/* End PBXGroup section */

/* Begin PBXNativeTarget section */
		65BD60B7195C734700EBF3BB /* fuzzy-octo-archer */ = {
			isa = PBXNativeTarget;
			buildConfigurationList = 65BD60ED195C734800EBF3BB /* Build configuration list for PBXNativeTarget "fuzzy-octo-archer" */;
			buildPhases = (
				65BD60B4195C734700EBF3BB /* Sources */,
				65BD60B5195C734700EBF3BB /* Frameworks */,
				65BD60B6195C734700EBF3BB /* Resources */,
			);
			buildRules = (
			);
			dependencies = (
			);
			name = "fuzzy-octo-archer";
			productName = "fuzzy-octo-archer";
			productReference = 65BD60B8195C734700EBF3BB /* fuzzy-octo-archer.app */;
			productType = "com.apple.product-type.application";
		};
		65BD60DB195C734800EBF3BB /* fuzzy-octo-archerTests */ = {
			isa = PBXNativeTarget;
			buildConfigurationList = 65BD60F0195C734800EBF3BB /* Build configuration list for PBXNativeTarget "fuzzy-octo-archerTests" */;
			buildPhases = (
				65BD60D8195C734800EBF3BB /* Sources */,
				65BD60D9195C734800EBF3BB /* Frameworks */,
				65BD60DA195C734800EBF3BB /* Resources */,
			);
			buildRules = (
			);
			dependencies = (
				65BD60E2195C734800EBF3BB /* PBXTargetDependency */,
			);
			name = "fuzzy-octo-archerTests";
			productName = "fuzzy-octo-archerTests";
			productReference = 65BD60DC195C734800EBF3BB /* fuzzy-octo-archerTests.xctest */;
			productType = "com.apple.product-type.bundle.unit-test";
		};
/* End PBXNativeTarget section */

/* Begin PBXProject section */
		65BD60B0195C734700EBF3BB /* Project object */ = {
			isa = PBXProject;
			attributes = {
				CLASSPREFIX = FOA;
				LastUpgradeCheck = 0510;
				ORGANIZATIONNAME = GODPAPER;
				TargetAttributes = {
					65BD60DB195C734800EBF3BB = {
						TestTargetID = 65BD60B7195C734700EBF3BB;
					};
				};
			};
			buildConfigurationList = 65BD60B3195C734700EBF3BB /* Build configuration list for PBXProject "fuzzy-octo-archer" */;
			compatibilityVersion = "Xcode 3.2";
			developmentRegion = English;
			hasScannedForEncodings = 0;
			knownRegions = (
				en,
				Base,
			);
			mainGroup = 65BD60AF195C734700EBF3BB;
			productRefGroup = 65BD60B9195C734700EBF3BB /* Products */;
			projectDirPath = "";
			projectRoot = "";
			targets = (
				65BD60B7195C734700EBF3BB /* fuzzy-octo-archer */,
				65BD60DB195C734800EBF3BB /* fuzzy-octo-archerTests */,
			);
		};
/* End PBXProject section */

/* Begin PBXResourcesBuildPhase section */
		65BD60B6195C734700EBF3BB /* Resources */ = {
			isa = PBXResourcesBuildPhase;
			buildActionMask = 2147483647;
			files = (
				65BD60D2195C734700EBF3BB /* Main_iPad.storyboard in Resources */,
				65BD60D7195C734700EBF3BB /* Images.xcassets in Resources */,
				65BD60CF195C734700EBF3BB /* Main_iPhone.storyboard in Resources */,
				65BD60C6195C734700EBF3BB /* InfoPlist.strings in Resources */,
			);
			runOnlyForDeploymentPostprocessing = 0;
		};
		65BD60DA195C734800EBF3BB /* Resources */ = {
			isa = PBXResourcesBuildPhase;
			buildActionMask = 2147483647;
			files = (
				65BD60E8195C734800EBF3BB /* InfoPlist.strings in Resources */,
			);
			runOnlyForDeploymentPostprocessing = 0;
		};
/* End PBXResourcesBuildPhase section */

/* Begin PBXSourcesBuildPhase section */
		65BD60B4195C734700EBF3BB /* Sources */ = {
			isa = PBXSourcesBuildPhase;
			buildActionMask = 2147483647;
			files = (
				65BD611A195C756C00EBF3BB /* FOANavigationBar.m in Sources */,
				65BD60C8195C734700EBF3BB /* main.m in Sources */,
				65BD60D5195C734700EBF3BB /* FOAViewController.m in Sources */,
				65BD60CC195C734700EBF3BB /* FOAAppDelegate.m in Sources */,
			);
			runOnlyForDeploymentPostprocessing = 0;
		};
		65BD60D8195C734800EBF3BB /* Sources */ = {
			isa = PBXSourcesBuildPhase;
			buildActionMask = 2147483647;
			files = (
				65BD60EA195C734800EBF3BB /* fuzzy_octo_archerTests.m in Sources */,
			);
			runOnlyForDeploymentPostprocessing = 0;
		};
/* End PBXSourcesBuildPhase section */

/* Begin PBXTargetDependency section */
		65BD60E2195C734800EBF3BB /* PBXTargetDependency */ = {
			isa = PBXTargetDependency;
			target = 65BD60B7195C734700EBF3BB /* fuzzy-octo-archer */;
			targetProxy = 65BD60E1195C734800EBF3BB /* PBXContainerItemProxy */;
		};
/* End PBXTargetDependency section */

/* Begin PBXVariantGroup section */
		65BD60C4195C734700EBF3BB /* InfoPlist.strings */ = {
			isa = PBXVariantGroup;
			children = (
				65BD60C5195C734700EBF3BB /* en */,
			);
			name = InfoPlist.strings;
			sourceTree = "<group>";
		};
		65BD60CD195C734700EBF3BB /* Main_iPhone.storyboard */ = {
			isa = PBXVariantGroup;
			children = (
				65BD60CE195C734700EBF3BB /* Base */,
			);
			name = Main_iPhone.storyboard;
			sourceTree = "<group>";
		};
		65BD60D0195C734700EBF3BB /* Main_iPad.storyboard */ = {
			isa = PBXVariantGroup;
			children = (
				65BD60D1195C734700EBF3BB /* Base */,
			);
			name = Main_iPad.storyboard;
			sourceTree = "<group>";
		};
		65BD60E6195C734800EBF3BB /* InfoPlist.strings */ = {
			isa = PBXVariantGroup;
			children = (
				65BD60E7195C734800EBF3BB /* en */,
			);
			name = InfoPlist.strings;
			sourceTree = "<group>";
		};
/* End PBXVariantGroup section */

/* Begin XCBuildConfiguration section */
		65BD60EB195C734800EBF3BB /* Debug */ = {
			isa = XCBuildConfiguration;
			buildSettings = {
				ALWAYS_SEARCH_USER_PATHS = NO;
				CLANG_CXX_LANGUAGE_STANDARD = "gnu++0x";
				CLANG_CXX_LIBRARY = "libc++";
				CLANG_ENABLE_MODULES = YES;
				CLANG_ENABLE_OBJC_ARC = YES;
				CLANG_WARN_BOOL_CONVERSION = YES;
				CLANG_WARN_CONSTANT_CONVERSION = YES;
				CLANG_WARN_DIRECT_OBJC_ISA_USAGE = YES_ERROR;
				CLANG_WARN_EMPTY_BODY = YES;
				CLANG_WARN_ENUM_CONVERSION = YES;
				CLANG_WARN_INT_CONVERSION = YES;
				CLANG_WARN_OBJC_ROOT_CLASS = YES_ERROR;
				CLANG_WARN__DUPLICATE_METHOD_MATCH = YES;
				"CODE_SIGN_IDENTITY[sdk=iphoneos*]" = "iPhone Developer";
				COPY_PHASE_STRIP = NO;
				GCC_C_LANGUAGE_STANDARD = gnu99;
				GCC_DYNAMIC_NO_PIC = NO;
				GCC_OPTIMIZATION_LEVEL = 0;
				GCC_PREPROCESSOR_DEFINITIONS = (
					"DEBUG=1",
					"$(inherited)",
				);
				GCC_SYMBOLS_PRIVATE_EXTERN = NO;
				GCC_WARN_64_TO_32_BIT_CONVERSION = YES;
				GCC_WARN_ABOUT_RETURN_TYPE = YES_ERROR;
				GCC_WARN_UNDECLARED_SELECTOR = YES;
				GCC_WARN_UNINITIALIZED_AUTOS = YES_AGGRESSIVE;
				GCC_WARN_UNUSED_FUNCTION = YES;
				GCC_WARN_UNUSED_VARIABLE = YES;
				IPHONEOS_DEPLOYMENT_TARGET = 7.1;
				ONLY_ACTIVE_ARCH = YES;
				SDKROOT = iphoneos;
				TARGETED_DEVICE_FAMILY = "1,2";
			};
			name = Debug;
		};
		65BD60EC195C734800EBF3BB /* Release */ = {
			isa = XCBuildConfiguration;
			buildSettings = {
				ALWAYS_SEARCH_USER_PATHS = NO;
				CLANG_CXX_LANGUAGE_STANDARD = "gnu++0x";
				CLANG_CXX_LIBRARY = "libc++";
				CLANG_ENABLE_MODULES = YES;
				CLANG_ENABLE_OBJC_ARC = YES;
				CLANG_WARN_BOOL_CONVERSION = YES;
				CLANG_WARN_CONSTANT_CONVERSION = YES;
				CLANG_WARN_DIRECT_OBJC_ISA_USAGE = YES_ERROR;
				CLANG_WARN_EMPTY_BODY = YES;
				CLANG_WARN_ENUM_CONVERSION = YES;
				CLANG_WARN_INT_CONVERSION = YES;
				CLANG_WARN_OBJC_ROOT_CLASS = YES_ERROR;
				CLANG_WARN__DUPLICATE_METHOD_MATCH = YES;
				"CODE_SIGN_IDENTITY[sdk=iphoneos*]" = "iPhone Developer";
				COPY_PHASE_STRIP = YES;
				ENABLE_NS_ASSERTIONS = NO;
				GCC_C_LANGUAGE_STANDARD = gnu99;
				GCC_WARN_64_TO_32_BIT_CONVERSION = YES;
				GCC_WARN_ABOUT_RETURN_TYPE = YES_ERROR;
				GCC_WARN_UNDECLARED_SELECTOR = YES;
				GCC_WARN_UNINITIALIZED_AUTOS = YES_AGGRESSIVE;
				GCC_WARN_UNUSED_FUNCTION = YES;
				GCC_WARN_UNUSED_VARIABLE = YES;
				IPHONEOS_DEPLOYMENT_TARGET = 7.1;
				SDKROOT = iphoneos;
				TARGETED_DEVICE_FAMILY = "1,2";
				VALIDATE_PRODUCT = YES;
			};
			name = Release;
		};
		65BD60EE195C734800EBF3BB /* Debug */ = {
			isa = XCBuildConfiguration;
			buildSettings = {
				ASSETCATALOG_COMPILER_APPICON_NAME = AppIcon;
				ASSETCATALOG_COMPILER_LAUNCHIMAGE_NAME = LaunchImage;
				GCC_PRECOMPILE_PREFIX_HEADER = YES;
				GCC_PREFIX_HEADER = "fuzzy-octo-archer/fuzzy-octo-archer-Prefix.pch";
				INFOPLIST_FILE = "fuzzy-octo-archer/fuzzy-octo-archer-Info.plist";
				PRODUCT_NAME = "$(TARGET_NAME)";
				WRAPPER_EXTENSION = app;
			};
			name = Debug;
		};
		65BD60EF195C734800EBF3BB /* Release */ = {
			isa = XCBuildConfiguration;
			buildSettings = {
				ASSETCATALOG_COMPILER_APPICON_NAME = AppIcon;
				ASSETCATALOG_COMPILER_LAUNCHIMAGE_NAME = LaunchImage;
				GCC_PRECOMPILE_PREFIX_HEADER = YES;
				GCC_PREFIX_HEADER = "fuzzy-octo-archer/fuzzy-octo-archer-Prefix.pch";
				INFOPLIST_FILE = "fuzzy-octo-archer/fuzzy-octo-archer-Info.plist";
				PRODUCT_NAME = "$(TARGET_NAME)";
				WRAPPER_EXTENSION = app;
			};
			name = Release;
		};
		65BD60F1195C734800EBF3BB /* Debug */ = {
			isa = XCBuildConfiguration;
			buildSettings = {
				BUNDLE_LOADER = "$(BUILT_PRODUCTS_DIR)/fuzzy-octo-archer.app/fuzzy-octo-archer";
				FRAMEWORK_SEARCH_PATHS = (
					"$(SDKROOT)/Developer/Library/Frameworks",
					"$(inherited)",
					"$(DEVELOPER_FRAMEWORKS_DIR)",
				);
				GCC_PRECOMPILE_PREFIX_HEADER = YES;
				GCC_PREFIX_HEADER = "fuzzy-octo-archer/fuzzy-octo-archer-Prefix.pch";
				GCC_PREPROCESSOR_DEFINITIONS = (
					"DEBUG=1",
					"$(inherited)",
				);
				INFOPLIST_FILE = "fuzzy-octo-archerTests/fuzzy-octo-archerTests-Info.plist";
				PRODUCT_NAME = "$(TARGET_NAME)";
				TEST_HOST = "$(BUNDLE_LOADER)";
				WRAPPER_EXTENSION = xctest;
			};
			name = Debug;
		};
		65BD60F2195C734800EBF3BB /* Release */ = {
			isa = XCBuildConfiguration;
			buildSettings = {
				BUNDLE_LOADER = "$(BUILT_PRODUCTS_DIR)/fuzzy-octo-archer.app/fuzzy-octo-archer";
				FRAMEWORK_SEARCH_PATHS = (
					"$(SDKROOT)/Developer/Library/Frameworks",
					"$(inherited)",
					"$(DEVELOPER_FRAMEWORKS_DIR)",
				);
				GCC_PRECOMPILE_PREFIX_HEADER = YES;
				GCC_PREFIX_HEADER = "fuzzy-octo-archer/fuzzy-octo-archer-Prefix.pch";
				INFOPLIST_FILE = "fuzzy-octo-archerTests/fuzzy-octo-archerTests-Info.plist";
				PRODUCT_NAME = "$(TARGET_NAME)";
				TEST_HOST = "$(BUNDLE_LOADER)";
				WRAPPER_EXTENSION = xctest;
			};
			name = Release;
		};
/* End XCBuildConfiguration section */

/* Begin XCConfigurationList section */
		65BD60B3195C734700EBF3BB /* Build configuration list for PBXProject "fuzzy-octo-archer" */ = {
			isa = XCConfigurationList;
			buildConfigurations = (
				65BD60EB195C734800EBF3BB /* Debug */,
				65BD60EC195C734800EBF3BB /* Release */,
			);
			defaultConfigurationIsVisible = 0;
			defaultConfigurationName = Release;
		};
		65BD60ED195C734800EBF3BB /* Build configuration list for PBXNativeTarget "fuzzy-octo-archer" */ = {
			isa = XCConfigurationList;
			buildConfigurations = (
				65BD60EE195C734800EBF3BB /* Debug */,
				65BD60EF195C734800EBF3BB /* Release */,
			);
			defaultConfigurationIsVisible = 0;
			defaultConfigurationName = Release;
		};
		65BD60F0195C734800EBF3BB /* Build configuration list for PBXNativeTarget "fuzzy-octo-archerTests" */ = {
			isa = XCConfigurationList;
			buildConfigurations = (
				65BD60F1195C734800EBF3BB /* Debug */,
				65BD60F2195C734800EBF3BB /* Release */,
			);
			defaultConfigurationIsVisible = 0;
			defaultConfigurationName = Release;
		};
/* End XCConfigurationList section */
	};
	rootObject = 65BD60B0195C734700EBF3BB /* Project object */;
}
